# THIS IS AN AUTOGENERATED FILE. DO NOT EDIT THIS FILE DIRECTLY.
# yarn lockfile v1


"@isaacs/balanced-match@^4.0.1":
  version "4.0.1"
  resolved "https://registry.yarnpkg.com/@isaacs/balanced-match/-/balanced-match-4.0.1.tgz#3081dadbc3460661b751e7591d7faea5df39dd29"
  integrity sha512-yzMTt9lEb8Gv7zRioUilSglI0c0smZ9k5D65677DLWLtWJaXIS3CqcGyUFByYKlnUj6TkjLVs54fBl6+TiGQDQ==

"@isaacs/brace-expansion@^5.0.0":
  version "5.0.0"
  resolved "https://registry.yarnpkg.com/@isaacs/brace-expansion/-/brace-expansion-5.0.0.tgz#4b3dabab7d8e75a429414a96bd67bf4c1d13e0f3"
  integrity sha512-ZT55BDLV0yv0RBm2czMiZ+SqCGO7AvmOM3G/w2xhVPH+te0aKgFjmBvGlL1dH+ql2tgGO3MVrbb3jCKyvpgnxA==
  dependencies:
    "@isaacs/balanced-match" "^4.0.1"

"@jridgewell/sourcemap-codec@^1.5.5":
  version "1.5.5"
  resolved "https://registry.yarnpkg.com/@jridgewell/sourcemap-codec/-/sourcemap-codec-1.5.5.tgz#6912b00d2c631c0d15ce1a7ab57cd657f2a8f8ba"
  integrity sha512-cYQ9310grqxueWbl+WuIUIaiUaDcj7WOq5fVhEljNVgRfOUhY9fy2zTvfoqWsnebh8Sl70VScFbICvJnLKB0Og==

"@rollup/plugin-commonjs@^29.0.0":
  version "29.0.0"
  resolved "https://registry.yarnpkg.com/@rollup/plugin-commonjs/-/plugin-commonjs-29.0.0.tgz#42a6cc0eeb8ae7aabfc6f9bdc28fe22d65abd15a"
  integrity sha512-U2YHaxR2cU/yAiwKJtJRhnyLk7cifnQw0zUpISsocBDoHDJn+HTV74ABqnwr5bEgWUwFZC9oFL6wLe21lHu5eQ==
  dependencies:
    "@rollup/pluginutils" "^5.0.1"
    commondir "^1.0.1"
    estree-walker "^2.0.2"
    fdir "^6.2.0"
    is-reference "1.2.1"
    magic-string "^0.30.3"
    picomatch "^4.0.2"

"@rollup/plugin-node-resolve@^16.0.3":
  version "16.0.3"
  resolved "https://registry.yarnpkg.com/@rollup/plugin-node-resolve/-/plugin-node-resolve-16.0.3.tgz#0988e6f2cbb13316b0f5e7213f757bc9ed44928f"
  integrity sha512-lUYM3UBGuM93CnMPG1YocWu7X802BrNF3jW2zny5gQyLQgRFJhV1Sq0Zi74+dh/6NBx1DxFC4b4GXg9wUCG5Qg==
  dependencies:
    "@rollup/pluginutils" "^5.0.1"
    "@types/resolve" "1.20.2"
    deepmerge "^4.2.2"
    is-module "^1.0.0"
    resolve "^1.22.1"

"@rollup/pluginutils@^5.0.1":
  version "5.3.0"
  resolved "https://registry.npmjs.org/@rollup/pluginutils/-/pluginutils-5.3.0.tgz"
  integrity sha512-5EdhGZtnu3V88ces7s53hhfK5KSASnJZv8Lulpc04cWO3REESroJXg73DFsOmgbU2BhwV0E20bu2IDZb3VKW4Q==
  dependencies:
    "@types/estree" "^1.0.0"
    estree-walker "^2.0.2"
    picomatch "^4.0.2"

"@rollup/rollup-android-arm-eabi@4.55.1":
  version "4.55.1"
  resolved "https://registry.yarnpkg.com/@rollup/rollup-android-arm-eabi/-/rollup-android-arm-eabi-4.55.1.tgz#76e0fef6533b3ce313f969879e61e8f21f0eeb28"
  integrity sha512-9R0DM/ykwfGIlNu6+2U09ga0WXeZ9MRC2Ter8jnz8415VbuIykVuc6bhdrbORFZANDmTDvq26mJrEVTl8TdnDg==

"@rollup/rollup-android-arm64@4.55.1":
  version "4.55.1"
  resolved "https://registry.yarnpkg.com/@rollup/rollup-android-arm64/-/rollup-android-arm64-4.55.1.tgz#d3cfc675a40bbdec97bda6d7fe3b3b05f0e1cd93"
  integrity sha512-eFZCb1YUqhTysgW3sj/55du5cG57S7UTNtdMjCW7LwVcj3dTTcowCsC8p7uBdzKsZYa8J7IDE8lhMI+HX1vQvg==

"@rollup/rollup-darwin-arm64@4.55.1":
  version "4.55.1"
  resolved "https://registry.yarnpkg.com/@rollup/rollup-darwin-arm64/-/rollup-darwin-arm64-4.55.1.tgz#eb912b8f59dd47c77b3c50a78489013b1d6772b4"
  integrity sha512-p3grE2PHcQm2e8PSGZdzIhCKbMCw/xi9XvMPErPhwO17vxtvCN5FEA2mSLgmKlCjHGMQTP6phuQTYWUnKewwGg==

"@rollup/rollup-darwin-x64@4.55.1":
  version "4.55.1"
  resolved "https://registry.yarnpkg.com/@rollup/rollup-darwin-x64/-/rollup-darwin-x64-4.55.1.tgz#e7d0839fdfd1276a1d34bc5ebbbd0dfd7d0b81a0"
  integrity sha512-rDUjG25C9qoTm+e02Esi+aqTKSBYwVTaoS1wxcN47/Luqef57Vgp96xNANwt5npq9GDxsH7kXxNkJVEsWEOEaQ==

"@rollup/rollup-freebsd-arm64@4.55.1":
  version "4.55.1"
  resolved "https://registry.yarnpkg.com/@rollup/rollup-freebsd-arm64/-/rollup-freebsd-arm64-4.55.1.tgz#7ff8118760f7351e48fd0cd3717ff80543d6aac8"
  integrity sha512-+JiU7Jbp5cdxekIgdte0jfcu5oqw4GCKr6i3PJTlXTCU5H5Fvtkpbs4XJHRmWNXF+hKmn4v7ogI5OQPaupJgOg==

"@rollup/rollup-freebsd-x64@4.55.1":
  version "4.55.1"
  resolved "https://registry.yarnpkg.com/@rollup/rollup-freebsd-x64/-/rollup-freebsd-x64-4.55.1.tgz#49d330dadbda1d4e9b86b4a3951b59928a9489a9"
  integrity sha512-V5xC1tOVWtLLmr3YUk2f6EJK4qksksOYiz/TCsFHu/R+woubcLWdC9nZQmwjOAbmExBIVKsm1/wKmEy4z4u4Bw==

"@rollup/rollup-linux-arm-gnueabihf@4.55.1":
  version "4.55.1"
  resolved "https://registry.yarnpkg.com/@rollup/rollup-linux-arm-gnueabihf/-/rollup-linux-arm-gnueabihf-4.55.1.tgz#98c5f1f8b9776b4a36e466e2a1c9ed1ba52ef1b6"
  integrity sha512-Rn3n+FUk2J5VWx+ywrG/HGPTD9jXNbicRtTM11e/uorplArnXZYsVifnPPqNNP5BsO3roI4n8332ukpY/zN7rQ==

"@rollup/rollup-linux-arm-musleabihf@4.55.1":
  version "4.55.1"
  resolved "https://registry.yarnpkg.com/@rollup/rollup-linux-arm-musleabihf/-/rollup-linux-arm-musleabihf-4.55.1.tgz#b9acecd3672e742f70b0c8a94075c816a91ff040"
  integrity sha512-grPNWydeKtc1aEdrJDWk4opD7nFtQbMmV7769hiAaYyUKCT1faPRm2av8CX1YJsZ4TLAZcg9gTR1KvEzoLjXkg==

"@rollup/rollup-linux-arm64-gnu@4.55.1":
  version "4.55.1"
  resolved "https://registry.yarnpkg.com/@rollup/rollup-linux-arm64-gnu/-/rollup-linux-arm64-gnu-4.55.1.tgz#7a6ab06651bc29e18b09a50ed1a02bc972977c9b"
  integrity sha512-a59mwd1k6x8tXKcUxSyISiquLwB5pX+fJW9TkWU46lCqD/GRDe9uDN31jrMmVP3feI3mhAdvcCClhV8V5MhJFQ==

"@rollup/rollup-linux-arm64-musl@4.55.1":
  version "4.55.1"
  resolved "https://registry.yarnpkg.com/@rollup/rollup-linux-arm64-musl/-/rollup-linux-arm64-musl-4.55.1.tgz#3c8c9072ba4a4d4ef1156b85ab9a2cbb57c1fad0"
  integrity sha512-puS1MEgWX5GsHSoiAsF0TYrpomdvkaXm0CofIMG5uVkP6IBV+ZO9xhC5YEN49nsgYo1DuuMquF9+7EDBVYu4uA==

"@rollup/rollup-linux-loong64-gnu@4.55.1":
  version "4.55.1"
  resolved "https://registry.yarnpkg.com/@rollup/rollup-linux-loong64-gnu/-/rollup-linux-loong64-gnu-4.55.1.tgz#17a7af13530f4e4a7b12cd26276c54307a84a8b0"
  integrity sha512-r3Wv40in+lTsULSb6nnoudVbARdOwb2u5fpeoOAZjFLznp6tDU8kd+GTHmJoqZ9lt6/Sys33KdIHUaQihFcu7g==

"@rollup/rollup-linux-loong64-musl@4.55.1":
  version "4.55.1"
  resolved "https://registry.yarnpkg.com/@rollup/rollup-linux-loong64-musl/-/rollup-linux-loong64-musl-4.55.1.tgz#5cd7a900fd7b077ecd753e34a9b7ff1157fe70c1"
  integrity sha512-MR8c0+UxAlB22Fq4R+aQSPBayvYa3+9DrwG/i1TKQXFYEaoW3B5b/rkSRIypcZDdWjWnpcvxbNaAJDcSbJU3Lw==

"@rollup/rollup-linux-ppc64-gnu@4.55.1":
  version "4.55.1"
  resolved "https://registry.yarnpkg.com/@rollup/rollup-linux-ppc64-gnu/-/rollup-linux-ppc64-gnu-4.55.1.tgz#03a097e70243ddf1c07b59d3c20f38e6f6800539"
  integrity sha512-3KhoECe1BRlSYpMTeVrD4sh2Pw2xgt4jzNSZIIPLFEsnQn9gAnZagW9+VqDqAHgm1Xc77LzJOo2LdigS5qZ+gw==

"@rollup/rollup-linux-ppc64-musl@4.55.1":
  version "4.55.1"
  resolved "https://registry.yarnpkg.com/@rollup/rollup-linux-ppc64-musl/-/rollup-linux-ppc64-musl-4.55.1.tgz#a5389873039d4650f35b4fa060d286392eb21a94"
  integrity sha512-ziR1OuZx0vdYZZ30vueNZTg73alF59DicYrPViG0NEgDVN8/Jl87zkAPu4u6VjZST2llgEUjaiNl9JM6HH1Vdw==

"@rollup/rollup-linux-riscv64-gnu@4.55.1":
  version "4.55.1"
  resolved "https://registry.yarnpkg.com/@rollup/rollup-linux-riscv64-gnu/-/rollup-linux-riscv64-gnu-4.55.1.tgz#789e60e7d6e2b76132d001ffb24ba80007fb17d0"
  integrity sha512-uW0Y12ih2XJRERZ4jAfKamTyIHVMPQnTZcQjme2HMVDAHY4amf5u414OqNYC+x+LzRdRcnIG1YodLrrtA8xsxw==

"@rollup/rollup-linux-riscv64-musl@4.55.1":
  version "4.55.1"
  resolved "https://registry.yarnpkg.com/@rollup/rollup-linux-riscv64-musl/-/rollup-linux-riscv64-musl-4.55.1.tgz#3556fa88d139282e9a73c337c9a170f3c5fe7aa4"
  integrity sha512-u9yZ0jUkOED1BFrqu3BwMQoixvGHGZ+JhJNkNKY/hyoEgOwlqKb62qu+7UjbPSHYjiVy8kKJHvXKv5coH4wDeg==

"@rollup/rollup-linux-s390x-gnu@4.55.1":
  version "4.55.1"
  resolved "https://registry.yarnpkg.com/@rollup/rollup-linux-s390x-gnu/-/rollup-linux-s390x-gnu-4.55.1.tgz#c085995b10143c16747a67f1a5487512b2ff04b2"
  integrity sha512-/0PenBCmqM4ZUd0190j7J0UsQ/1nsi735iPRakO8iPciE7BQ495Y6msPzaOmvx0/pn+eJVVlZrNrSh4WSYLxNg==

"@rollup/rollup-linux-x64-gnu@4.55.1":
  version "4.55.1"
  resolved "https://registry.yarnpkg.com/@rollup/rollup-linux-x64-gnu/-/rollup-linux-x64-gnu-4.55.1.tgz#9563a5419dd2604841bad31a39ccfdd2891690fb"
  integrity sha512-a8G4wiQxQG2BAvo+gU6XrReRRqj+pLS2NGXKm8io19goR+K8lw269eTrPkSdDTALwMmJp4th2Uh0D8J9bEV1vg==

"@rollup/rollup-linux-x64-musl@4.55.1":
  version "4.55.1"
  resolved "https://registry.yarnpkg.com/@rollup/rollup-linux-x64-musl/-/rollup-linux-x64-musl-4.55.1.tgz#691bb06e6269a8959c13476b0cd2aa7458facb31"
  integrity sha512-bD+zjpFrMpP/hqkfEcnjXWHMw5BIghGisOKPj+2NaNDuVT+8Ds4mPf3XcPHuat1tz89WRL+1wbcxKY3WSbiT7w==

"@rollup/rollup-openbsd-x64@4.55.1":
  version "4.55.1"
  resolved "https://registry.yarnpkg.com/@rollup/rollup-openbsd-x64/-/rollup-openbsd-x64-4.55.1.tgz#223e71224746a59ce6d955bbc403577bb5a8be9d"
  integrity sha512-eLXw0dOiqE4QmvikfQ6yjgkg/xDM+MdU9YJuP4ySTibXU0oAvnEWXt7UDJmD4UkYialMfOGFPJnIHSe/kdzPxg==

"@rollup/rollup-openharmony-arm64@4.55.1":
  version "4.55.1"
  resolved "https://registry.yarnpkg.com/@rollup/rollup-openharmony-arm64/-/rollup-openharmony-arm64-4.55.1.tgz#0817e5d8ecbfeb8b7939bf58f8ce3c9dd67fce77"
  integrity sha512-xzm44KgEP11te3S2HCSyYf5zIzWmx3n8HDCc7EE59+lTcswEWNpvMLfd9uJvVX8LCg9QWG67Xt75AuHn4vgsXw==

"@rollup/rollup-win32-arm64-msvc@4.55.1":
  version "4.55.1"
  resolved "https://registry.yarnpkg.com/@rollup/rollup-win32-arm64-msvc/-/rollup-win32-arm64-msvc-4.55.1.tgz#de56d8f2013c84570ef5fb917aae034abda93e4a"
  integrity sha512-yR6Bl3tMC/gBok5cz/Qi0xYnVbIxGx5Fcf/ca0eB6/6JwOY+SRUcJfI0OpeTpPls7f194as62thCt/2BjxYN8g==

"@rollup/rollup-win32-ia32-msvc@4.55.1":
  version "4.55.1"
  resolved "https://registry.yarnpkg.com/@rollup/rollup-win32-ia32-msvc/-/rollup-win32-ia32-msvc-4.55.1.tgz#659aff5244312475aeea2c9479a6c7d397b517bf"
  integrity sha512-3fZBidchE0eY0oFZBnekYCfg+5wAB0mbpCBuofh5mZuzIU/4jIVkbESmd2dOsFNS78b53CYv3OAtwqkZZmU5nA==

"@rollup/rollup-win32-x64-gnu@4.55.1":
  version "4.55.1"
  resolved "https://registry.yarnpkg.com/@rollup/rollup-win32-x64-gnu/-/rollup-win32-x64-gnu-4.55.1.tgz#2cb09549cbb66c1b979f9238db6dd454cac14a88"
  integrity sha512-xGGY5pXj69IxKb4yv/POoocPy/qmEGhimy/FoTpTSVju3FYXUQQMFCaZZXJVidsmGxRioZAwpThl/4zX41gRKg==

"@rollup/rollup-win32-x64-msvc@4.55.1":
  version "4.55.1"
  resolved "https://registry.yarnpkg.com/@rollup/rollup-win32-x64-msvc/-/rollup-win32-x64-msvc-4.55.1.tgz#f79437939020b83057faf07e98365b1fa51c458b"
  integrity sha512-SPEpaL6DX4rmcXtnhdrQYgzQ5W2uW3SCJch88lB2zImhJRhIIK44fkUrgIV/Q8yUNfw5oyZ5vkeQsZLhCb06lw==

"@types/estree@*", "@types/estree@1.0.8", "@types/estree@^1.0.0":
  version "1.0.8"
  resolved "https://registry.npmjs.org/@types/estree/-/estree-1.0.8.tgz"
  integrity sha512-dWHzHa2WqEXI/O1E9OjrocMTKJl2mSrEolh1Iomrv6U+JuNwaHXsXx9bLu5gG7BUWFIN0skIQJQ/L1rIex4X6w==

"@types/resolve@1.20.2":
  version "1.20.2"
  resolved "https://registry.npmjs.org/@types/resolve/-/resolve-1.20.2.tgz"
  integrity sha512-60BCwRFOZCQhDncwQdxxeOEEkbc5dIMccYLwbxsS4TUNeVECQ/pBJ0j09mrHOl/JJvpRPGwO9SvE4nR2Nb/a4Q==

commondir@^1.0.1:
  version "1.0.1"
  resolved "https://registry.npmjs.org/commondir/-/commondir-1.0.1.tgz"
  integrity sha512-W9pAhw0ja1Edb5GVdIF1mjZw/ASI0AlShXM83UUGe2DVr5TdAPEA1OA8m/g8zWp9x6On7gqufY+FatDbC3MDQg==

deepmerge@^4.2.2:
  version "4.3.1"
  resolved "https://registry.npmjs.org/deepmerge/-/deepmerge-4.3.1.tgz"
  integrity sha512-3sUqbMEc77XqpdNO7FRyRog+eW3ph+GYCbj+rK+uYyRMuwsVy0rMiVtPn+QJlKFvWP/1PYpapqYn0Me2knFn+A==

estree-walker@^2.0.2:
  version "2.0.2"
  resolved "https://registry.npmjs.org/estree-walker/-/estree-walker-2.0.2.tgz"
  integrity sha512-Rfkk/Mp/DL7JVje3u18FxFujQlTNR2q6QfMSMB7AvCBx91NGj/ba3kCfza0f6dVDbw7YlRf/nDrn7pQrCCyQ/w==

fdir@^6.2.0:
  version "6.5.0"
  resolved "https://registry.yarnpkg.com/fdir/-/fdir-6.5.0.tgz#ed2ab967a331ade62f18d077dae192684d50d350"
  integrity sha512-tIbYtZbucOs0BRGqPJkshJUYdL+SDH7dVM8gjy+ERp3WAUjLEFJE+02kanyHtwjWOnwrKYBiwAmM0p4kLJAnXg==

fsevents@~2.3.2:
  version "2.3.3"
  resolved "https://registry.npmjs.org/fsevents/-/fsevents-2.3.3.tgz"
  integrity sha512-5xoDfX+fL7faATnagmWPpbFtwh/R77WmMMqqHGS65C3vvB0YHrgF+B1YmZ3441tMj5n63k0212XNoJwzlhffQw==

function-bind@^1.1.2:
  version "1.1.2"
  resolved "https://registry.npmjs.org/function-bind/-/function-bind-1.1.2.tgz"
  integrity sha512-7XHNxH7qX9xG5mIwxkhumTox/MIRNcOgDrxWsMt2pAr23WHp6MrRlN7FBSFpCpr+oVO0F744iUgR82nJMfG2SA==

glob@^13.0.0:
  version "13.0.0"
  resolved "https://registry.yarnpkg.com/glob/-/glob-13.0.0.tgz#9d9233a4a274fc28ef7adce5508b7ef6237a1be3"
  integrity sha512-tvZgpqk6fz4BaNZ66ZsRaZnbHvP/jG3uKJvAZOwEVUL4RTA5nJeeLYfyN9/VA8NX/V3IBG+hkeuGpKjvELkVhA==
  dependencies:
    minimatch "^10.1.1"
    minipass "^7.1.2"
    path-scurry "^2.0.0"

hasown@^2.0.2:
  version "2.0.2"
  resolved "https://registry.npmjs.org/hasown/-/hasown-2.0.2.tgz"
  integrity sha512-0hJU9SCPvmMzIBdZFqNPXWa6dqh7WdH0cII9y+CyS8rG3nL48Bclra9HmKhVVUHyPWNH5Y7xDwAB7bfgSjkUMQ==
  dependencies:
    function-bind "^1.1.2"

is-core-module@^2.16.1:
  version "2.16.1"
  resolved "https://registry.npmjs.org/is-core-module/-/is-core-module-2.16.1.tgz"
  integrity sha512-UfoeMA6fIJ8wTYFEUjelnaGI67v6+N7qXJEvQuIGa99l4xsCruSYOVSQ0uPANn4dAzm8lkYPaKLrrijLq7x23w==
  dependencies:
    hasown "^2.0.2"

is-module@^1.0.0:
  version "1.0.0"
  resolved "https://registry.npmjs.org/is-module/-/is-module-1.0.0.tgz"
  integrity sha512-51ypPSPCoTEIN9dy5Oy+h4pShgJmPCygKfyRCISBI+JoWT/2oJvK8QPxmwv7b/p239jXrm9M1mlQbyKJ5A152g==

is-reference@1.2.1:
  version "1.2.1"
  resolved "https://registry.npmjs.org/is-reference/-/is-reference-1.2.1.tgz"
  integrity sha512-U82MsXXiFIrjCK4otLT+o2NA2Cd2g5MLoOVXUZjIOhLurrRxpEXzI8O0KZHr3IjLvlAH1kTPYSuqer5T9ZVBKQ==
  dependencies:
    "@types/estree" "*"

lru-cache@^11.0.0:
  version "11.2.4"
  resolved "https://registry.yarnpkg.com/lru-cache/-/lru-cache-11.2.4.tgz#ecb523ebb0e6f4d837c807ad1abaea8e0619770d"
  integrity sha512-B5Y16Jr9LB9dHVkh6ZevG+vAbOsNOYCX+sXvFWFu7B3Iz5mijW3zdbMyhsh8ANd2mSWBYdJgnqi+mL7/LrOPYg==

magic-string@^0.30.3:
  version "0.30.21"
  resolved "https://registry.npmjs.org/magic-string/-/magic-string-0.30.21.tgz"
  integrity sha512-vd2F4YUyEXKGcLHoq+TEyCjxueSeHnFxyyjNp80yg0XV4vUhnDer/lvvlqM/arB5bXQN5K2/3oinyCRyx8T2CQ==
  dependencies:
    "@jridgewell/sourcemap-codec" "^1.5.5"

minimatch@^10.1.1:
  version "10.1.1"
  resolved "https://registry.yarnpkg.com/minimatch/-/minimatch-10.1.1.tgz#e6e61b9b0c1dcab116b5a7d1458e8b6ae9e73a55"
  integrity sha512-enIvLvRAFZYXJzkCYG5RKmPfrFArdLv+R+lbQ53BmIMLIry74bjKzX6iHAm8WYamJkhSSEabrWN5D97XnKObjQ==
  dependencies:
    "@isaacs/brace-expansion" "^5.0.0"

minipass@^7.1.2:
  version "7.1.2"
  resolved "https://registry.yarnpkg.com/minipass/-/minipass-7.1.2.tgz#93a9626ce5e5e66bd4db86849e7515e92340a707"
  integrity sha512-qOOzS1cBTWYF4BH8fVePDBOO9iptMnGUEZwNc/cMWnTV2nVLZ7VoNWEPHkYczZA0pdoA7dl6e7FL659nX9S2aw==

nats.ws@^1.30.0:
  version "1.30.3"
  resolved "https://registry.yarnpkg.com/nats.ws/-/nats.ws-1.30.3.tgz#72785d1d91d0bfd7e678fdabff22c1918420343a"
  integrity sha512-aM77V2SEc+B6lbxCMZK3qfRy4jg8pmHj+wZzQKDiDIQYhLPj6U2NSHHBex0syj72Ayzl4uR5Lp3aKXTaVLbRpw==
  optionalDependencies:
    nkeys.js "1.1.0"

nkeys.js@1.1.0:
  version "1.1.0"
  resolved "https://registry.npmjs.org/nkeys.js/-/nkeys.js-1.1.0.tgz"
  integrity sha512-tB/a0shZL5UZWSwsoeyqfTszONTt4k2YS0tuQioMOD180+MbombYVgzDUYHlx+gejYK6rgf08n/2Df99WY0Sxg==
  dependencies:
    tweetnacl "1.0.3"

package-json-from-dist@^1.0.1:
  version "1.0.1"
  resolved "https://registry.yarnpkg.com/package-json-from-dist/-/package-json-from-dist-1.0.1.tgz#4f1471a010827a86f94cfd9b0727e36d267de505"
  integrity sha512-UEZIS3/by4OC8vL3P2dTXRETpebLI2NiI5vIrjaD/5UtrkFX/tNbwjTSRAGC/+7CAo2pIcBaRgWmcBBHcsaCIw==

path-parse@^1.0.7:
  version "1.0.7"
  resolved "https://registry.npmjs.org/path-parse/-/path-parse-1.0.7.tgz"
  integrity sha512-LDJzPVEEEPR+y48z93A0Ed0yXb8pAByGWo/k5YYdYgpY2/2EsOsksJrq7lOHxryrVOn1ejG6oAp8ahvOIQD8sw==

path-scurry@^2.0.0:
  version "2.0.1"
  resolved "https://registry.yarnpkg.com/path-scurry/-/path-scurry-2.0.1.tgz#4b6572376cfd8b811fca9cd1f5c24b3cbac0fe10"
  integrity sha512-oWyT4gICAu+kaA7QWk/jvCHWarMKNs6pXOGWKDTr7cw4IGcUbW+PeTfbaQiLGheFRpjo6O9J0PmyMfQPjH71oA==
  dependencies:
    lru-cache "^11.0.0"
    minipass "^7.1.2"

picomatch@^4.0.2:
  version "4.0.3"
  resolved "https://registry.npmjs.org/picomatch/-/picomatch-4.0.3.tgz"
  integrity sha512-5gTmgEY/sqK6gFXLIsQNH19lWb4ebPDLA4SdLP7dsWkIXHWlG66oPuVvXSGFPppYZz8ZDZq0dYYrbHfBCVUb1Q==

resolve@^1.22.1:
  version "1.22.11"
  resolved "https://registry.yarnpkg.com/resolve/-/resolve-1.22.11.tgz#aad857ce1ffb8bfa9b0b1ac29f1156383f68c262"
  integrity sha512-RfqAvLnMl313r7c9oclB1HhUEAezcpLjz95wFH4LVuhk9JF/r22qmVP9AMmOU4vMX7Q8pN8jwNg/CSpdFnMjTQ==
  dependencies:
    is-core-module "^2.16.1"
    path-parse "^1.0.7"
    supports-preserve-symlinks-flag "^1.0.0"

rimraf@^6.1.2:
  version "6.1.2"
  resolved "https://registry.yarnpkg.com/rimraf/-/rimraf-6.1.2.tgz#9a0f3cea2ab853e81291127422116ecf2a86ae89"
  integrity sha512-cFCkPslJv7BAXJsYlK1dZsbP8/ZNLkCAQ0bi1hf5EKX2QHegmDFEFA6QhuYJlk7UDdc+02JjO80YSOrWPpw06g==
  dependencies:
    glob "^13.0.0"
    package-json-from-dist "^1.0.1"

rollup@^4.55.1:
  version "4.55.1"
  resolved "https://registry.yarnpkg.com/rollup/-/rollup-4.55.1.tgz#4ec182828be440648e7ee6520dc35e9f20e05144"
  integrity sha512-wDv/Ht1BNHB4upNbK74s9usvl7hObDnvVzknxqY/E/O3X6rW1U1rV1aENEfJ54eFZDTNo7zv1f5N4edCluH7+A==
  dependencies:
    "@types/estree" "1.0.8"
  optionalDependencies:
    "@rollup/rollup-android-arm-eabi" "4.55.1"
    "@rollup/rollup-android-arm64" "4.55.1"
    "@rollup/rollup-darwin-arm64" "4.55.1"
    "@rollup/rollup-darwin-x64" "4.55.1"
    "@rollup/rollup-freebsd-arm64" "4.55.1"
    "@rollup/rollup-freebsd-x64" "4.55.1"
    "@rollup/rollup-linux-arm-gnueabihf" "4.55.1"
    "@rollup/rollup-linux-arm-musleabihf" "4.55.1"
    "@rollup/rollup-linux-arm64-gnu" "4.55.1"
    "@rollup/rollup-linux-arm64-musl" "4.55.1"
    "@rollup/rollup-linux-loong64-gnu" "4.55.1"
    "@rollup/rollup-linux-loong64-musl" "4.55.1"
    "@rollup/rollup-linux-ppc64-gnu" "4.55.1"
    "@rollup/rollup-linux-ppc64-musl" "4.55.1"
    "@rollup/rollup-linux-riscv64-gnu" "4.55.1"
    "@rollup/rollup-linux-riscv64-musl" "4.55.1"
    "@rollup/rollup-linux-s390x-gnu" "4.55.1"
    "@rollup/rollup-linux-x64-gnu" "4.55.1"
    "@rollup/rollup-linux-x64-musl" "4.55.1"
    "@rollup/rollup-openbsd-x64" "4.55.1"
    "@rollup/rollup-openharmony-arm64" "4.55.1"
    "@rollup/rollup-win32-arm64-msvc" "4.55.1"
    "@rollup/rollup-win32-ia32-msvc" "4.55.1"
    "@rollup/rollup-win32-x64-gnu" "4.55.1"
    "@rollup/rollup-win32-x64-msvc" "4.55.1"
    fsevents "~2.3.2"

supports-preserve-symlinks-flag@^1.0.0:
  version "1.0.0"
  resolved "https://registry.npmjs.org/supports-preserve-symlinks-flag/-/supports-preserve-symlinks-flag-1.0.0.tgz"
  integrity sha512-ot0WnXS9fgdkgIcePe6RHNk1WA8+muPa6cSjeR3V8K27q9BB1rTE3R1p7Hv0z1ZyAc8s6Vvv8DIyWf681MAt0w==

tweetnacl@1.0.3:
  version "1.0.3"
  resolved "https://registry.npmjs.org/tweetnacl/-/tweetnacl-1.0.3.tgz"
  integrity sha512-6rt+RN7aOi1nGMyC4Xa5DdYiukl2UWCbcJft7YhxReBGQD7OAM8Pbxw6YMo4r2diNEA8FEmu32YOn9rhaiE5yw==
